// !$*UTF8*$!
{
	archiveVersion = 1;
	classes = {
	};
	objectVersion = 51;
	objects = {

/* Begin PBXBuildFile section */
		881284E22649A54900BBEE0B /* PersistenceController.swift in Sources */ = {isa = PBXBuildFile; fileRef = 881284E12649A54900BBEE0B /* PersistenceController.swift */; };
		881E7A942641DFFF0082EE79 /* Gem.swift in Sources */ = {isa = PBXBuildFile; fileRef = 881E7A932641DFFF0082EE79 /* Gem.swift */; };
		881E7A962641E7F50082EE79 /* GemData.swift in Sources */ = {isa = PBXBuildFile; fileRef = 881E7A952641E7F50082EE79 /* GemData.swift */; };
		882144CC26468BFE00A1123B /* ContentView.swift in Sources */ = {isa = PBXBuildFile; fileRef = 882144CB26468BFE00A1123B /* ContentView.swift */; };
		8828DC36264A405700D4FE2F /* ReadingModel.xcdatamodeld in Sources */ = {isa = PBXBuildFile; fileRef = 8828DC34264A405700D4FE2F /* ReadingModel.xcdatamodeld */; };
		885211FA264839F30063F059 /* MultilineTextField.swift in Sources */ = {isa = PBXBuildFile; fileRef = 885211F9264839F30063F059 /* MultilineTextField.swift */; };
		88A8AB81263C9FE900DC46E4 /* MyGemTarotApp.swift in Sources */ = {isa = PBXBuildFile; fileRef = 88A8AB80263C9FE900DC46E4 /* MyGemTarotApp.swift */; };
		88A8AB83263C9FE900DC46E4 /* SuitstView.swift in Sources */ = {isa = PBXBuildFile; fileRef = 88A8AB82263C9FE900DC46E4 /* SuitstView.swift */; };
		88A8AB85263C9FEB00DC46E4 /* Assets.xcassets in Resources */ = {isa = PBXBuildFile; fileRef = 88A8AB84263C9FEB00DC46E4 /* Assets.xcassets */; };
		88A8AB88263C9FEB00DC46E4 /* Preview Assets.xcassets in Resources */ = {isa = PBXBuildFile; fileRef = 88A8AB87263C9FEB00DC46E4 /* Preview Assets.xcassets */; };
		88A8AB90263CA22E00DC46E4 /* ArcanaView.swift in Sources */ = {isa = PBXBuildFile; fileRef = 88A8AB8F263CA22E00DC46E4 /* ArcanaView.swift */; };
		88A8AB92263CA2BA00DC46E4 /* CupsView.swift in Sources */ = {isa = PBXBuildFile; fileRef = 88A8AB91263CA2BA00DC46E4 /* CupsView.swift */; };
		88A8AB94263CA2C900DC46E4 /* CoinsView.swift in Sources */ = {isa = PBXBuildFile; fileRef = 88A8AB93263CA2C900DC46E4 /* CoinsView.swift */; };
		88A8AB96263CA2EF00DC46E4 /* SwordsView.swift in Sources */ = {isa = PBXBuildFile; fileRef = 88A8AB95263CA2EF00DC46E4 /* SwordsView.swift */; };
		88A8AB98263CA30600DC46E4 /* WandsView.swift in Sources */ = {isa = PBXBuildFile; fileRef = 88A8AB97263CA30600DC46E4 /* WandsView.swift */; };
		88A8AB9A263CA58000DC46E4 /* CardView.swift in Sources */ = {isa = PBXBuildFile; fileRef = 88A8AB99263CA58000DC46E4 /* CardView.swift */; };
		88B0237F263CCEDB00EDE7D5 /* Card.swift in Sources */ = {isa = PBXBuildFile; fileRef = 88B0237E263CCEDB00EDE7D5 /* Card.swift */; };
		88B02382263CD10400EDE7D5 /* CardsObjectController.swift in Sources */ = {isa = PBXBuildFile; fileRef = 88B02381263CD10400EDE7D5 /* CardsObjectController.swift */; };
		88D8B6542642EAC8007773D2 /* ReadingsView.swift in Sources */ = {isa = PBXBuildFile; fileRef = 88D8B6532642EAC8007773D2 /* ReadingsView.swift */; };
		88D8B6562642FB14007773D2 /* EditView.swift in Sources */ = {isa = PBXBuildFile; fileRef = 88D8B6552642FB14007773D2 /* EditView.swift */; };
		88D8B6582642FB87007773D2 /* ReadingView.swift in Sources */ = {isa = PBXBuildFile; fileRef = 88D8B6572642FB87007773D2 /* ReadingView.swift */; };
		88D8B65A26430128007773D2 /* Reading.swift in Sources */ = {isa = PBXBuildFile; fileRef = 88D8B65926430128007773D2 /* Reading.swift */; };
		88D8B65C26430922007773D2 /* ReadingData.swift in Sources */ = {isa = PBXBuildFile; fileRef = 88D8B65B26430922007773D2 /* ReadingData.swift */; };
		88EF13722644487D00D1A554 /* AddViewModel.swift in Sources */ = {isa = PBXBuildFile; fileRef = 88EF13712644487D00D1A554 /* AddViewModel.swift */; };
		88F440412644E94100810F8C /* AddView.swift in Sources */ = {isa = PBXBuildFile; fileRef = 88F440402644E94100810F8C /* AddView.swift */; };
/* End PBXBuildFile section */

/* Begin PBXFileReference section */
		881284E12649A54900BBEE0B /* PersistenceController.swift */ = {isa = PBXFileReference; lastKnownFileType = sourcecode.swift; path = PersistenceController.swift; sourceTree = "<group>"; };
		881E7A932641DFFF0082EE79 /* Gem.swift */ = {isa = PBXFileReference; lastKnownFileType = sourcecode.swift; path = Gem.swift; sourceTree = "<group>"; };
		881E7A952641E7F50082EE79 /* GemData.swift */ = {isa = PBXFileReference; lastKnownFileType = sourcecode.swift; path = GemData.swift; sourceTree = "<group>"; };
		882144CB26468BFE00A1123B /* ContentView.swift */ = {isa = PBXFileReference; lastKnownFileType = sourcecode.swift; path = ContentView.swift; sourceTree = "<group>"; };
		8828DC35264A405700D4FE2F /* ReadingModel.xcdatamodel */ = {isa = PBXFileReference; lastKnownFileType = wrapper.xcdatamodel; path = ReadingModel.xcdatamodel; sourceTree = "<group>"; };
		885211F9264839F30063F059 /* MultilineTextField.swift */ = {isa = PBXFileReference; lastKnownFileType = sourcecode.swift; path = MultilineTextField.swift; sourceTree = "<group>"; };
		88A8AB7D263C9FE900DC46E4 /* MyGemTarot.app */ = {isa = PBXFileReference; explicitFileType = wrapper.application; includeInIndex = 0; path = MyGemTarot.app; sourceTree = BUILT_PRODUCTS_DIR; };
		88A8AB80263C9FE900DC46E4 /* MyGemTarotApp.swift */ = {isa = PBXFileReference; lastKnownFileType = sourcecode.swift; path = MyGemTarotApp.swift; sourceTree = "<group>"; };
		88A8AB82263C9FE900DC46E4 /* SuitstView.swift */ = {isa = PBXFileReference; lastKnownFileType = sourcecode.swift; path = SuitstView.swift; sourceTree = "<group>"; };
		88A8AB84263C9FEB00DC46E4 /* Assets.xcassets */ = {isa = PBXFileReference; lastKnownFileType = folder.assetcatalog; path = Assets.xcassets; sourceTree = "<group>"; };
		88A8AB87263C9FEB00DC46E4 /* Preview Assets.xcassets */ = {isa = PBXFileReference; lastKnownFileType = folder.assetcatalog; path = "Preview Assets.xcassets"; sourceTree = "<group>"; };
		88A8AB89263C9FEB00DC46E4 /* Info.plist */ = {isa = PBXFileReference; lastKnownFileType = text.plist.xml; path = Info.plist; sourceTree = "<group>"; };
		88A8AB8F263CA22E00DC46E4 /* ArcanaView.swift */ = {isa = PBXFileReference; lastKnownFileType = sourcecode.swift; path = ArcanaView.swift; sourceTree = "<group>"; };
		88A8AB91263CA2BA00DC46E4 /* CupsView.swift */ = {isa = PBXFileReference; lastKnownFileType = sourcecode.swift; path = CupsView.swift; sourceTree = "<group>"; };
		88A8AB93263CA2C900DC46E4 /* CoinsView.swift */ = {isa = PBXFileReference; lastKnownFileType = sourcecode.swift; path = CoinsView.swift; sourceTree = "<group>"; };
		88A8AB95263CA2EF00DC46E4 /* SwordsView.swift */ = {isa = PBXFileReference; lastKnownFileType = sourcecode.swift; path = SwordsView.swift; sourceTree = "<group>"; };
		88A8AB97263CA30600DC46E4 /* WandsView.swift */ = {isa = PBXFileReference; lastKnownFileType = sourcecode.swift; path = WandsView.swift; sourceTree = "<group>"; };
		88A8AB99263CA58000DC46E4 /* CardView.swift */ = {isa = PBXFileReference; lastKnownFileType = sourcecode.swift; path = CardView.swift; sourceTree = "<group>"; };
		88B0237E263CCEDB00EDE7D5 /* Card.swift */ = {isa = PBXFileReference; lastKnownFileType = sourcecode.swift; path = Card.swift; sourceTree = "<group>"; };
		88B02381263CD10400EDE7D5 /* CardsObjectController.swift */ = {isa = PBXFileReference; lastKnownFileType = sourcecode.swift; path = CardsObjectController.swift; sourceTree = "<group>"; };
		88D8B6532642EAC8007773D2 /* ReadingsView.swift */ = {isa = PBXFileReference; lastKnownFileType = sourcecode.swift; path = ReadingsView.swift; sourceTree = "<group>"; };
		88D8B6552642FB14007773D2 /* EditView.swift */ = {isa = PBXFileReference; lastKnownFileType = sourcecode.swift; path = EditView.swift; sourceTree = "<group>"; };
		88D8B6572642FB87007773D2 /* ReadingView.swift */ = {isa = PBXFileReference; lastKnownFileType = sourcecode.swift; path = ReadingView.swift; sourceTree = "<group>"; };
		88D8B65926430128007773D2 /* Reading.swift */ = {isa = PBXFileReference; lastKnownFileType = sourcecode.swift; path = Reading.swift; sourceTree = "<group>"; };
		88D8B65B26430922007773D2 /* ReadingData.swift */ = {isa = PBXFileReference; lastKnownFileType = sourcecode.swift; path = ReadingData.swift; sourceTree = "<group>"; };
		88EF13712644487D00D1A554 /* AddViewModel.swift */ = {isa = PBXFileReference; lastKnownFileType = sourcecode.swift; path = AddViewModel.swift; sourceTree = "<group>"; };
		88F440402644E94100810F8C /* AddView.swift */ = {isa = PBXFileReference; lastKnownFileType = sourcecode.swift; path = AddView.swift; sourceTree = "<group>"; };
/* End PBXFileReference section */

/* Begin PBXFrameworksBuildPhase section */
		88A8AB7A263C9FE900DC46E4 /* Frameworks */ = {
			isa = PBXFrameworksBuildPhase;
			buildActionMask = 2147483647;
			files = (
			);
			runOnlyForDeploymentPostprocessing = 0;
		};
/* End PBXFrameworksBuildPhase section */

/* Begin PBXGroup section */
		8801393326466EEC00E4DE9B /* Views */ = {
			isa = PBXGroup;
			children = (
				882144CB26468BFE00A1123B /* ContentView.swift */,
				88A8AB82263C9FE900DC46E4 /* SuitstView.swift */,
				88A8AB8F263CA22E00DC46E4 /* ArcanaView.swift */,
				88A8AB91263CA2BA00DC46E4 /* CupsView.swift */,
				88A8AB93263CA2C900DC46E4 /* CoinsView.swift */,
				88A8AB95263CA2EF00DC46E4 /* SwordsView.swift */,
				88A8AB97263CA30600DC46E4 /* WandsView.swift */,
				88A8AB99263CA58000DC46E4 /* CardView.swift */,
				88D8B6552642FB14007773D2 /* EditView.swift */,
				88F440402644E94100810F8C /* AddView.swift */,
				88D8B6532642EAC8007773D2 /* ReadingsView.swift */,
				88D8B6572642FB87007773D2 /* ReadingView.swift */,
			);
			path = Views;
			sourceTree = "<group>";
		};
		88A8AB74263C9FE900DC46E4 = {
			isa = PBXGroup;
			children = (
				88A8AB7F263C9FE900DC46E4 /* MyGemTarot */,
				88A8AB7E263C9FE900DC46E4 /* Products */,
				94F0E0F197E539ABBAF36E79 /* Pods */,
			);
			sourceTree = "<group>";
		};
		88A8AB7E263C9FE900DC46E4 /* Products */ = {
			isa = PBXGroup;
			children = (
				88A8AB7D263C9FE900DC46E4 /* MyGemTarot.app */,
			);
			name = Products;
			sourceTree = "<group>";
		};
		88A8AB7F263C9FE900DC46E4 /* MyGemTarot */ = {
			isa = PBXGroup;
			children = (
				88A8AB80263C9FE900DC46E4 /* MyGemTarotApp.swift */,
				8828DC34264A405700D4FE2F /* ReadingModel.xcdatamodeld */,
				88B02380263CD0D200EDE7D5 /* Controllers */,
				88B0237D263CCEA900EDE7D5 /* Models */,
				8801393326466EEC00E4DE9B /* Views */,
				88A8AB84263C9FEB00DC46E4 /* Assets.xcassets */,
				88A8AB89263C9FEB00DC46E4 /* Info.plist */,
				88A8AB86263C9FEB00DC46E4 /* Preview Content */,
			);
			path = MyGemTarot;
			sourceTree = "<group>";
		};
		88A8AB86263C9FEB00DC46E4 /* Preview Content */ = {
			isa = PBXGroup;
			children = (
				88A8AB87263C9FEB00DC46E4 /* Preview Assets.xcassets */,
			);
			path = "Preview Content";
			sourceTree = "<group>";
		};
		88B0237D263CCEA900EDE7D5 /* Models */ = {
			isa = PBXGroup;
			children = (
				88B0237E263CCEDB00EDE7D5 /* Card.swift */,
				881E7A932641DFFF0082EE79 /* Gem.swift */,
				881E7A952641E7F50082EE79 /* GemData.swift */,
				88D8B65926430128007773D2 /* Reading.swift */,
				885211F9264839F30063F059 /* MultilineTextField.swift */,
				88D8B65B26430922007773D2 /* ReadingData.swift */,
				88EF13712644487D00D1A554 /* AddViewModel.swift */,
			);
			path = Models;
			sourceTree = "<group>";
		};
		88B02380263CD0D200EDE7D5 /* Controllers */ = {
			isa = PBXGroup;
			children = (
				88B02381263CD10400EDE7D5 /* CardsObjectController.swift */,
				881284E12649A54900BBEE0B /* PersistenceController.swift */,
			);
			path = Controllers;
			sourceTree = "<group>";
		};
		94F0E0F197E539ABBAF36E79 /* Pods */ = {
			isa = PBXGroup;
			children = (
			);
			path = Pods;
			sourceTree = "<group>";
		};
/* End PBXGroup section */

/* Begin PBXNativeTarget section */
		88A8AB7C263C9FE900DC46E4 /* MyGemTarot */ = {
			isa = PBXNativeTarget;
			buildConfigurationList = 88A8AB8C263C9FEB00DC46E4 /* Build configuration list for PBXNativeTarget "MyGemTarot" */;
			buildPhases = (
				88A8AB79263C9FE900DC46E4 /* Sources */,
				88A8AB7A263C9FE900DC46E4 /* Frameworks */,
				88A8AB7B263C9FE900DC46E4 /* Resources */,
			);
			buildRules = (
			);
			dependencies = (
			);
			name = MyGemTarot;
			productName = MyGemTarot;
			productReference = 88A8AB7D263C9FE900DC46E4 /* MyGemTarot.app */;
			productType = "com.apple.product-type.application";
		};
/* End PBXNativeTarget section */

/* Begin PBXProject section */
		88A8AB75263C9FE900DC46E4 /* Project object */ = {
			isa = PBXProject;
			attributes = {
				LastSwiftUpdateCheck = 1250;
				LastUpgradeCheck = 1250;
				TargetAttributes = {
					88A8AB7C263C9FE900DC46E4 = {
						CreatedOnToolsVersion = 12.5;
					};
				};
			};
			buildConfigurationList = 88A8AB78263C9FE900DC46E4 /* Build configuration list for PBXProject "MyGemTarot" */;
			compatibilityVersion = "Xcode 9.3";
			developmentRegion = en;
			hasScannedForEncodings = 0;
			knownRegions = (
				en,
				Base,
			);
			mainGroup = 88A8AB74263C9FE900DC46E4;
			productRefGroup = 88A8AB7E263C9FE900DC46E4 /* Products */;
			projectDirPath = "";
			projectRoot = "";
			targets = (
				88A8AB7C263C9FE900DC46E4 /* MyGemTarot */,
			);
		};
/* End PBXProject section */

/* Begin PBXResourcesBuildPhase section */
		88A8AB7B263C9FE900DC46E4 /* Resources */ = {
			isa = PBXResourcesBuildPhase;
			buildActionMask = 2147483647;
			files = (
				88A8AB88263C9FEB00DC46E4 /* Preview Assets.xcassets in Resources */,
				88A8AB85263C9FEB00DC46E4 /* Assets.xcassets in Resources */,
			);
			runOnlyForDeploymentPostprocessing = 0;
		};
/* End PBXResourcesBuildPhase section */

/* Begin PBXSourcesBuildPhase section */
		88A8AB79263C9FE900DC46E4 /* Sources */ = {
			isa = PBXSourcesBuildPhase;
			buildActionMask = 2147483647;
			files = (
				88A8AB83263C9FE900DC46E4 /* SuitstView.swift in Sources */,
				881284E22649A54900BBEE0B /* PersistenceController.swift in Sources */,
				881E7A942641DFFF0082EE79 /* Gem.swift in Sources */,
				88D8B65A26430128007773D2 /* Reading.swift in Sources */,
				8828DC36264A405700D4FE2F /* ReadingModel.xcdatamodeld in Sources */,
				885211FA264839F30063F059 /* MultilineTextField.swift in Sources */,
				88B0237F263CCEDB00EDE7D5 /* Card.swift in Sources */,
				88B02382263CD10400EDE7D5 /* CardsObjectController.swift in Sources */,
				88D8B6562642FB14007773D2 /* EditView.swift in Sources */,
				882144CC26468BFE00A1123B /* ContentView.swift in Sources */,
				88EF13722644487D00D1A554 /* AddViewModel.swift in Sources */,
				88A8AB98263CA30600DC46E4 /* WandsView.swift in Sources */,
				88D8B6542642EAC8007773D2 /* ReadingsView.swift in Sources */,
				88A8AB90263CA22E00DC46E4 /* ArcanaView.swift in Sources */,
				88F440412644E94100810F8C /* AddView.swift in Sources */,
				88A8AB96263CA2EF00DC46E4 /* SwordsView.swift in Sources */,
				88D8B6582642FB87007773D2 /* ReadingView.swift in Sources */,
				881E7A962641E7F50082EE79 /* GemData.swift in Sources */,
				88D8B65C26430922007773D2 /* ReadingData.swift in Sources */,
				88A8AB94263CA2C900DC46E4 /* CoinsView.swift in Sources */,
				88A8AB81263C9FE900DC46E4 /* MyGemTarotApp.swift in Sources */,
				88A8AB9A263CA58000DC46E4 /* CardView.swift in Sources */,
				88A8AB92263CA2BA00DC46E4 /* CupsView.swift in Sources */,
			);
			runOnlyForDeploymentPostprocessing = 0;
		};
/* End PBXSourcesBuildPhase section */

/* Begin XCBuildConfiguration section */
		88A8AB8A263C9FEB00DC46E4 /* Debug */ = {
			isa = XCBuildConfiguration;
			buildSettings = {
				ALWAYS_SEARCH_USER_PATHS = NO;
				CLANG_ANALYZER_NONNULL = YES;
				CLANG_ANALYZER_NUMBER_OBJECT_CONVERSION = YES_AGGRESSIVE;
				CLANG_CXX_LANGUAGE_STANDARD = "gnu++14";
				CLANG_CXX_LIBRARY = "libc++";
				CLANG_ENABLE_MODULES = YES;
				CLANG_ENABLE_OBJC_ARC = YES;
				CLANG_ENABLE_OBJC_WEAK = YES;
				CLANG_WARN_BLOCK_CAPTURE_AUTORELEASING = YES;
				CLANG_WARN_BOOL_CONVERSION = YES;
				CLANG_WARN_COMMA = YES;
				CLANG_WARN_CONSTANT_CONVERSION = YES;
				CLANG_WARN_DEPRECATED_OBJC_IMPLEMENTATIONS = YES;
				CLANG_WARN_DIRECT_OBJC_ISA_USAGE = YES_ERROR;
				CLANG_WARN_DOCUMENTATION_COMMENTS = YES;
				CLANG_WARN_EMPTY_BODY = YES;
				CLANG_WARN_ENUM_CONVERSION = YES;
				CLANG_WARN_INFINITE_RECURSION = YES;
				CLANG_WARN_INT_CONVERSION = YES;
				CLANG_WARN_NON_LITERAL_NULL_CONVERSION = YES;
				CLANG_WARN_OBJC_IMPLICIT_RETAIN_SELF = YES;
				CLANG_WARN_OBJC_LITERAL_CONVERSION = YES;
				CLANG_WARN_OBJC_ROOT_CLASS = YES_ERROR;
				CLANG_WARN_QUOTED_INCLUDE_IN_FRAMEWORK_HEADER = YES;
				CLANG_WARN_RANGE_LOOP_ANALYSIS = YES;
				CLANG_WARN_STRICT_PROTOTYPES = YES;
				CLANG_WARN_SUSPICIOUS_MOVE = YES;
				CLANG_WARN_UNGUARDED_AVAILABILITY = YES_AGGRESSIVE;
				CLANG_WARN_UNREACHABLE_CODE = YES;
				CLANG_WARN__DUPLICATE_METHOD_MATCH = YES;
				COPY_PHASE_STRIP = NO;
				DEBUG_INFORMATION_FORMAT = dwarf;
				ENABLE_STRICT_OBJC_MSGSEND = YES;
				ENABLE_TESTABILITY = YES;
				GCC_C_LANGUAGE_STANDARD = gnu11;
				GCC_DYNAMIC_NO_PIC = NO;
				GCC_NO_COMMON_BLOCKS = YES;
				GCC_OPTIMIZATION_LEVEL = 0;
				GCC_PREPROCESSOR_DEFINITIONS = (
					"DEBUG=1",
					"$(inherited)",
				);
				GCC_WARN_64_TO_32_BIT_CONVERSION = YES;
				GCC_WARN_ABOUT_RETURN_TYPE = YES_ERROR;
				GCC_WARN_UNDECLARED_SELECTOR = YES;
				GCC_WARN_UNINITIALIZED_AUTOS = YES_AGGRESSIVE;
				GCC_WARN_UNUSED_FUNCTION = YES;
				GCC_WARN_UNUSED_VARIABLE = YES;
				IPHONEOS_DEPLOYMENT_TARGET = 14.5;
				MTL_ENABLE_DEBUG_INFO = INCLUDE_SOURCE;
				MTL_FAST_MATH = YES;
				ONLY_ACTIVE_ARCH = YES;
				SDKROOT = iphoneos;
				SWIFT_ACTIVE_COMPILATION_CONDITIONS = DEBUG;
				SWIFT_OPTIMIZATION_LEVEL = "-Onone";
			};
			name = Debug;
		};
		88A8AB8B263C9FEB00DC46E4 /* Release */ = {
			isa = XCBuildConfiguration;
			buildSettings = {
				ALWAYS_SEARCH_USER_PATHS = NO;
				CLANG_ANALYZER_NONNULL = YES;
				CLANG_ANALYZER_NUMBER_OBJECT_CONVERSION = YES_AGGRESSIVE;
				CLANG_CXX_LANGUAGE_STANDARD = "gnu++14";
				CLANG_CXX_LIBRARY = "libc++";
				CLANG_ENABLE_MODULES = YES;
				CLANG_ENABLE_OBJC_ARC = YES;
				CLANG_ENABLE_OBJC_WEAK = YES;
				CLANG_WARN_BLOCK_CAPTURE_AUTORELEASING = YES;
				CLANG_WARN_BOOL_CONVERSION = YES;
				CLANG_WARN_COMMA = YES;
				CLANG_WARN_CONSTANT_CONVERSION = YES;
				CLANG_WARN_DEPRECATED_OBJC_IMPLEMENTATIONS = YES;
				CLANG_WARN_DIRECT_OBJC_ISA_USAGE = YES_ERROR;
				CLANG_WARN_DOCUMENTATION_COMMENTS = YES;
				CLANG_WARN_EMPTY_BODY = YES;
				CLANG_WARN_ENUM_CONVERSION = YES;
				CLANG_WARN_INFINITE_RECURSION = YES;
				CLANG_WARN_INT_CONVERSION = YES;
				CLANG_WARN_NON_LITERAL_NULL_CONVERSION = YES;
				CLANG_WARN_OBJC_IMPLICIT_RETAIN_SELF = YES;
				CLANG_WARN_OBJC_LITERAL_CONVERSION = YES;
				CLANG_WARN_OBJC_ROOT_CLASS = YES_ERROR;
				CLANG_WARN_QUOTED_INCLUDE_IN_FRAMEWORK_HEADER = YES;
				CLANG_WARN_RANGE_LOOP_ANALYSIS = YES;
				CLANG_WARN_STRICT_PROTOTYPES = YES;
				CLANG_WARN_SUSPICIOUS_MOVE = YES;
				CLANG_WARN_UNGUARDED_AVAILABILITY = YES_AGGRESSIVE;
				CLANG_WARN_UNREACHABLE_CODE = YES;
				CLANG_WARN__DUPLICATE_METHOD_MATCH = YES;
				COPY_PHASE_STRIP = NO;
				DEBUG_INFORMATION_FORMAT = "dwarf-with-dsym";
				ENABLE_NS_ASSERTIONS = NO;
				ENABLE_STRICT_OBJC_MSGSEND = YES;
				GCC_C_LANGUAGE_STANDARD = gnu11;
				GCC_NO_COMMON_BLOCKS = YES;
				GCC_WARN_64_TO_32_BIT_CONVERSION = YES;
				GCC_WARN_ABOUT_RETURN_TYPE = YES_ERROR;
				GCC_WARN_UNDECLARED_SELECTOR = YES;
				GCC_WARN_UNINITIALIZED_AUTOS = YES_AGGRESSIVE;
				GCC_WARN_UNUSED_FUNCTION = YES;
				GCC_WARN_UNUSED_VARIABLE = YES;
				IPHONEOS_DEPLOYMENT_TARGET = 14.5;
				MTL_ENABLE_DEBUG_INFO = NO;
				MTL_FAST_MATH = YES;
				SDKROOT = iphoneos;
				SWIFT_COMPILATION_MODE = wholemodule;
				SWIFT_OPTIMIZATION_LEVEL = "-O";
				VALIDATE_PRODUCT = YES;
			};
			name = Release;
		};
		88A8AB8D263C9FEB00DC46E4 /* Debug */ = {
			isa = XCBuildConfiguration;
			buildSettings = {
				ASSETCATALOG_COMPILER_APPICON_NAME = AppIcon;
				ASSETCATALOG_COMPILER_GLOBAL_ACCENT_COLOR_NAME = AccentColor;
				CODE_SIGN_STYLE = Manual;
				DEVELOPMENT_ASSET_PATHS = "\"MyGemTarot/Preview Content\"";
				DEVELOPMENT_TEAM = "";
				ENABLE_PREVIEWS = YES;
				INFOPLIST_FILE = MyGemTarot/Info.plist;
				IPHONEOS_DEPLOYMENT_TARGET = 14.0;
				LD_RUNPATH_SEARCH_PATHS = (
					"$(inherited)",
					"@executable_path/Frameworks",
				);
				PRODUCT_BUNDLE_IDENTIFIER = com.sapientTechnologies.MyGemTarot;
				PRODUCT_NAME = "$(TARGET_NAME)";
				PROVISIONING_PROFILE_SPECIFIER = "";
				SWIFT_VERSION = 5.0;
				TARGETED_DEVICE_FAMILY = "1,2";
			};
			name = Debug;
		};
		88A8AB8E263C9FEB00DC46E4 /* Release */ = {
			isa = XCBuildConfiguration;
			buildSettings = {
				ASSETCATALOG_COMPILER_APPICON_NAME = AppIcon;
				ASSETCATALOG_COMPILER_GLOBAL_ACCENT_COLOR_NAME = AccentColor;
				CODE_SIGN_STYLE = Manual;
				DEVELOPMENT_ASSET_PATHS = "\"MyGemTarot/Preview Content\"";
				DEVELOPMENT_TEAM = "";
				ENABLE_PREVIEWS = YES;
				INFOPLIST_FILE = MyGemTarot/Info.plist;
				IPHONEOS_DEPLOYMENT_TARGET = 14.0;
				LD_RUNPATH_SEARCH_PATHS = (
					"$(inherited)",
					"@executable_path/Frameworks",
				);
				PRODUCT_BUNDLE_IDENTIFIER = com.sapientTechnologies.MyGemTarot;
				PRODUCT_NAME = "$(TARGET_NAME)";
				PROVISIONING_PROFILE_SPECIFIER = "";
				SWIFT_VERSION = 5.0;
				TARGETED_DEVICE_FAMILY = "1,2";
			};
			name = Release;
		};
/* End XCBuildConfiguration section */

/* Begin XCConfigurationList section */
		88A8AB78263C9FE900DC46E4 /* Build configuration list for PBXProject "MyGemTarot" */ = {
			isa = XCConfigurationList;
			buildConfigurations = (
				88A8AB8A263C9FEB00DC46E4 /* Debug */,
				88A8AB8B263C9FEB00DC46E4 /* Release */,
			);
			defaultConfigurationIsVisible = 0;
			defaultConfigurationName = Release;
		};
		88A8AB8C263C9FEB00DC46E4 /* Build configuration list for PBXNativeTarget "MyGemTarot" */ = {
			isa = XCConfigurationList;
			buildConfigurations = (
				88A8AB8D263C9FEB00DC46E4 /* Debug */,
				88A8AB8E263C9FEB00DC46E4 /* Release */,
			);
			defaultConfigurationIsVisible = 0;
			defaultConfigurationName = Release;
		};
/* End XCConfigurationList section */

/* Begin XCVersionGroup section */
		8828DC34264A405700D4FE2F /* ReadingModel.xcdatamodeld */ = {
			isa = XCVersionGroup;
			children = (
				8828DC35264A405700D4FE2F /* ReadingModel.xcdatamodel */,
			);
			currentVersion = 8828DC35264A405700D4FE2F /* ReadingModel.xcdatamodel */;
			path = ReadingModel.xcdatamodeld;
			sourceTree = "<group>";
			versionGroupType = wrapper.xcdatamodel;
		};
/* End XCVersionGroup section */
	};
	rootObject = 88A8AB75263C9FE900DC46E4 /* Project object */;
}
